Microsoft Visual Studio Solution File, Format Version 12.00
# Visual Studio Version 17
VisualStudioVersion = 17.5.2.0
MinimumVisualStudioVersion = 10.0.40219.1
Project("{FAE04EC0-301F-11D3-BF4B-00C04F79EFBC}") = "Noted", "Noted\Noted.csproj", "{4529257F-330D-F233-7A0F-592C70D13CF0}"
EndProject
Global
	GlobalSection(SolutionConfigurationPlatforms) = preSolution
		Debug|Any CPU = Debug|Any CPU
		Release|Any CPU = Release|Any CPU
	EndGlobalSection
	GlobalSection(ProjectConfigurationPlatforms) = postSolution
		{4529257F-330D-F233-7A0F-592C70D13CF0}.Debug|Any CPU.ActiveCfg = Debug|Any CPU
		{4529257F-330D-F233-7A0F-592C70D13CF0}.Debug|Any CPU.Build.0 = Debug|Any CPU
		{4529257F-330D-F233-7A0F-592C70D13CF0}.Release|Any CPU.ActiveCfg = Release|Any CPU
		{4529257F-330D-F233-7A0F-592C70D13CF0}.Release|Any CPU.Build.0 = Release|Any CPU
	EndGlobalSection
	GlobalSection(SolutionProperties) = preSolution
		HideSolutionNode = FALSE
	EndGlobalSection
	GlobalSection(ExtensibilityGlobals) = postSolution
		SolutionGuid = {22CBFCF7-22B0-4F88-A31C-E04E0B3F6376}
	EndGlobalSection
EndGlobal
